
Microsoft Visual Studio Solution File, Format Version 12.00
# Visual Studio 14
VisualStudioVersion = 14.0.24720.0
MinimumVisualStudioVersion = 10.0.40219.1
Project("{FAE04EC0-301F-11D3-BF4B-00C04F79EFBC}") = "MyDictionary", "MyDictionary\MyDictionary.csproj", "{87FB72C0-7D60-472D-94A7-5B135868B7D5}"
EndProject
Project("{FAE04EC0-301F-11D3-BF4B-00C04F79EFBC}") = "MyOrderedSet", "MyOrderedSet\MyOrderedSet.csproj", "{5F7EC7FF-FC3F-4DB0-8CB1-6BD010CE4DB2}"
EndProject
Global
	GlobalSection(SolutionConfigurationPlatforms) = preSolution
		Debug|Any CPU = Debug|Any CPU
		Release|Any CPU = Release|Any CPU
	EndGlobalSection
	GlobalSection(ProjectConfigurationPlatforms) = postSolution
		{87FB72C0-7D60-472D-94A7-5B135868B7D5}.Debug|Any CPU.ActiveCfg = Debug|Any CPU
		{87FB72C0-7D60-472D-94A7-5B135868B7D5}.Debug|Any CPU.Build.0 = Debug|Any CPU
		{87FB72C0-7D60-472D-94A7-5B135868B7D5}.Release|Any CPU.ActiveCfg = Release|Any CPU
		{87FB72C0-7D60-472D-94A7-5B135868B7D5}.Release|Any CPU.Build.0 = Release|Any CPU
		{5F7EC7FF-FC3F-4DB0-8CB1-6BD010CE4DB2}.Debug|Any CPU.ActiveCfg = Debug|Any CPU
		{5F7EC7FF-FC3F-4DB0-8CB1-6BD010CE4DB2}.Debug|Any CPU.Build.0 = Debug|Any CPU
		{5F7EC7FF-FC3F-4DB0-8CB1-6BD010CE4DB2}.Release|Any CPU.ActiveCfg = Release|Any CPU
		{5F7EC7FF-FC3F-4DB0-8CB1-6BD010CE4DB2}.Release|Any CPU.Build.0 = Release|Any CPU
	EndGlobalSection
	GlobalSection(SolutionProperties) = preSolution
		HideSolutionNode = FALSE
	EndGlobalSection
EndGlobal
